
Microsoft Visual Studio Solution File, Format Version 12.00
# Visual Studio Version 16
VisualStudioVersion = 16.6.30114.105
MinimumVisualStudioVersion = 10.0.40219.1
Project("{FAE04EC0-301F-11D3-BF4B-00C04F79EFBC}") = "API", "API\API.csproj", "{061430EC-FDF2-4A37-B468-AB97DEF707E8}"
EndProject
Project("{FAE04EC0-301F-11D3-BF4B-00C04F79EFBC}") = "Core", "Core\Core.csproj", "{BF8750ED-4B03-4117-B9F9-87EE239E4E90}"
EndProject
Project("{FAE04EC0-301F-11D3-BF4B-00C04F79EFBC}") = "Infrastructure", "Infrastructure\Infrastructure.csproj", "{5D1C4890-7B1A-4A6C-BD1E-7E0AE4D3ADB2}"
EndProject
Global
	GlobalSection(SolutionConfigurationPlatforms) = preSolution
		Debug|Any CPU = Debug|Any CPU
		Debug|x64 = Debug|x64
		Debug|x86 = Debug|x86
		Release|Any CPU = Release|Any CPU
		Release|x64 = Release|x64
		Release|x86 = Release|x86
	EndGlobalSection
	GlobalSection(SolutionProperties) = preSolution
		HideSolutionNode = FALSE
	EndGlobalSection
	GlobalSection(ProjectConfigurationPlatforms) = postSolution
		{061430EC-FDF2-4A37-B468-AB97DEF707E8}.Debug|Any CPU.ActiveCfg = Debug|Any CPU
		{061430EC-FDF2-4A37-B468-AB97DEF707E8}.Debug|Any CPU.Build.0 = Debug|Any CPU
		{061430EC-FDF2-4A37-B468-AB97DEF707E8}.Debug|x64.ActiveCfg = Debug|Any CPU
		{061430EC-FDF2-4A37-B468-AB97DEF707E8}.Debug|x64.Build.0 = Debug|Any CPU
		{061430EC-FDF2-4A37-B468-AB97DEF707E8}.Debug|x86.ActiveCfg = Debug|Any CPU
		{061430EC-FDF2-4A37-B468-AB97DEF707E8}.Debug|x86.Build.0 = Debug|Any CPU
		{061430EC-FDF2-4A37-B468-AB97DEF707E8}.Release|Any CPU.ActiveCfg = Release|Any CPU
		{061430EC-FDF2-4A37-B468-AB97DEF707E8}.Release|Any CPU.Build.0 = Release|Any CPU
		{061430EC-FDF2-4A37-B468-AB97DEF707E8}.Release|x64.ActiveCfg = Release|Any CPU
		{061430EC-FDF2-4A37-B468-AB97DEF707E8}.Release|x64.Build.0 = Release|Any CPU
		{061430EC-FDF2-4A37-B468-AB97DEF707E8}.Release|x86.ActiveCfg = Release|Any CPU
		{061430EC-FDF2-4A37-B468-AB97DEF707E8}.Release|x86.Build.0 = Release|Any CPU
		{BF8750ED-4B03-4117-B9F9-87EE239E4E90}.Debug|Any CPU.ActiveCfg = Debug|Any CPU
		{BF8750ED-4B03-4117-B9F9-87EE239E4E90}.Debug|Any CPU.Build.0 = Debug|Any CPU
		{BF8750ED-4B03-4117-B9F9-87EE239E4E90}.Debug|x64.ActiveCfg = Debug|Any CPU
		{BF8750ED-4B03-4117-B9F9-87EE239E4E90}.Debug|x64.Build.0 = Debug|Any CPU
		{BF8750ED-4B03-4117-B9F9-87EE239E4E90}.Debug|x86.ActiveCfg = Debug|Any CPU
		{BF8750ED-4B03-4117-B9F9-87EE239E4E90}.Debug|x86.Build.0 = Debug|Any CPU
		{BF8750ED-4B03-4117-B9F9-87EE239E4E90}.Release|Any CPU.ActiveCfg = Release|Any CPU
		{BF8750ED-4B03-4117-B9F9-87EE239E4E90}.Release|Any CPU.Build.0 = Release|Any CPU
		{BF8750ED-4B03-4117-B9F9-87EE239E4E90}.Release|x64.ActiveCfg = Release|Any CPU
		{BF8750ED-4B03-4117-B9F9-87EE239E4E90}.Release|x64.Build.0 = Release|Any CPU
		{BF8750ED-4B03-4117-B9F9-87EE239E4E90}.Release|x86.ActiveCfg = Release|Any CPU
		{BF8750ED-4B03-4117-B9F9-87EE239E4E90}.Release|x86.Build.0 = Release|Any CPU
		{5D1C4890-7B1A-4A6C-BD1E-7E0AE4D3ADB2}.Debug|Any CPU.ActiveCfg = Debug|Any CPU
		{5D1C4890-7B1A-4A6C-BD1E-7E0AE4D3ADB2}.Debug|Any CPU.Build.0 = Debug|Any CPU
		{5D1C4890-7B1A-4A6C-BD1E-7E0AE4D3ADB2}.Debug|x64.ActiveCfg = Debug|Any CPU
		{5D1C4890-7B1A-4A6C-BD1E-7E0AE4D3ADB2}.Debug|x64.Build.0 = Debug|Any CPU
		{5D1C4890-7B1A-4A6C-BD1E-7E0AE4D3ADB2}.Debug|x86.ActiveCfg = Debug|Any CPU
		{5D1C4890-7B1A-4A6C-BD1E-7E0AE4D3ADB2}.Debug|x86.Build.0 = Debug|Any CPU
		{5D1C4890-7B1A-4A6C-BD1E-7E0AE4D3ADB2}.Release|Any CPU.ActiveCfg = Release|Any CPU
		{5D1C4890-7B1A-4A6C-BD1E-7E0AE4D3ADB2}.Release|Any CPU.Build.0 = Release|Any CPU
		{5D1C4890-7B1A-4A6C-BD1E-7E0AE4D3ADB2}.Release|x64.ActiveCfg = Release|Any CPU
		{5D1C4890-7B1A-4A6C-BD1E-7E0AE4D3ADB2}.Release|x64.Build.0 = Release|Any CPU
		{5D1C4890-7B1A-4A6C-BD1E-7E0AE4D3ADB2}.Release|x86.ActiveCfg = Release|Any CPU
		{5D1C4890-7B1A-4A6C-BD1E-7E0AE4D3ADB2}.Release|x86.Build.0 = Release|Any CPU
	EndGlobalSection
EndGlobal
